Microsoft Visual Studio Solution File, Format Version 12.00
# Visual Studio Version 17
VisualStudioVersion = 17.5.2.0
MinimumVisualStudioVersion = 10.0.40219.1
Project("{FAE04EC0-301F-11D3-BF4B-00C04F79EFBC}") = "CSharp-Async", "CSharp-Async.csproj", "{21012CC9-2EA4-768C-A3CB-202F9B79DE7C}"
EndProject
Global
	GlobalSection(SolutionConfigurationPlatforms) = preSolution
		Debug|Any CPU = Debug|Any CPU
		Release|Any CPU = Release|Any CPU
	EndGlobalSection
	GlobalSection(ProjectConfigurationPlatforms) = postSolution
		{21012CC9-2EA4-768C-A3CB-202F9B79DE7C}.Debug|Any CPU.ActiveCfg = Debug|Any CPU
		{21012CC9-2EA4-768C-A3CB-202F9B79DE7C}.Debug|Any CPU.Build.0 = Debug|Any CPU
		{21012CC9-2EA4-768C-A3CB-202F9B79DE7C}.Release|Any CPU.ActiveCfg = Release|Any CPU
		{21012CC9-2EA4-768C-A3CB-202F9B79DE7C}.Release|Any CPU.Build.0 = Release|Any CPU
	EndGlobalSection
	GlobalSection(SolutionProperties) = preSolution
		HideSolutionNode = FALSE
	EndGlobalSection
	GlobalSection(ExtensibilityGlobals) = postSolution
		SolutionGuid = {ABF25B93-A312-4E3F-8811-E94A702DABD0}
	EndGlobalSection
EndGlobal
